
Microsoft Visual Studio Solution File, Format Version 12.00
# Visual Studio Version 16
VisualStudioVersion = 16.0.29025.244
MinimumVisualStudioVersion = 10.0.40219.1
Project("{FAE04EC0-301F-11D3-BF4B-00C04F79EFBC}") = "Manieri_RicercaConcorrente", "Manieri_RicercaConcorrente\Manieri_RicercaConcorrente.csproj", "{FB97C024-DB37-449A-8AAC-43BF8CE926F8}"
EndProject
Global
	GlobalSection(SolutionConfigurationPlatforms) = preSolution
		Debug|Any CPU = Debug|Any CPU
		Release|Any CPU = Release|Any CPU
	EndGlobalSection
	GlobalSection(ProjectConfigurationPlatforms) = postSolution
		{FB97C024-DB37-449A-8AAC-43BF8CE926F8}.Debug|Any CPU.ActiveCfg = Debug|Any CPU
		{FB97C024-DB37-449A-8AAC-43BF8CE926F8}.Debug|Any CPU.Build.0 = Debug|Any CPU
		{FB97C024-DB37-449A-8AAC-43BF8CE926F8}.Release|Any CPU.ActiveCfg = Release|Any CPU
		{FB97C024-DB37-449A-8AAC-43BF8CE926F8}.Release|Any CPU.Build.0 = Release|Any CPU
	EndGlobalSection
	GlobalSection(SolutionProperties) = preSolution
		HideSolutionNode = FALSE
	EndGlobalSection
	GlobalSection(ExtensibilityGlobals) = postSolution
		SolutionGuid = {F751C45E-58F5-4E99-B022-49425C94392F}
	EndGlobalSection
EndGlobal
